
Microsoft Visual Studio Solution File, Format Version 11.00
# Visual Studio 2010
Project("{8BC9CEB8-8B4A-11D0-8D11-00A0C91BC942}") = "Lua", "Lua\Lua.vcxproj", "{9F6BEF36-4E54-4756-931E-D1C668C16B90}"
	ProjectSection(ProjectDependencies) = postProject
		{66599188-852F-4E3E-BF9B-28A733FEBE55} = {66599188-852F-4E3E-BF9B-28A733FEBE55}
	EndProjectSection
EndProject
Project("{8BC9CEB8-8B4A-11D0-8D11-00A0C91BC942}") = "Lua_lib", "Lua_lib\Lua_lib.vcxproj", "{66599188-852F-4E3E-BF9B-28A733FEBE55}"
EndProject
Project("{8BC9CEB8-8B4A-11D0-8D11-00A0C91BC942}") = "Luac", "Luac\Luac.vcxproj", "{A1D0CCFA-95BC-4E3A-B50D-BE3245BABFF8}"
	ProjectSection(ProjectDependencies) = postProject
		{66599188-852F-4E3E-BF9B-28A733FEBE55} = {66599188-852F-4E3E-BF9B-28A733FEBE55}
	EndProjectSection
EndProject
Global
	GlobalSection(SolutionConfigurationPlatforms) = preSolution
		Debug|Win32 = Debug|Win32
		Release|Win32 = Release|Win32
	EndGlobalSection
	GlobalSection(ProjectConfigurationPlatforms) = postSolution
		{9F6BEF36-4E54-4756-931E-D1C668C16B90}.Debug|Win32.ActiveCfg = Debug|Win32
		{9F6BEF36-4E54-4756-931E-D1C668C16B90}.Debug|Win32.Build.0 = Debug|Win32
		{9F6BEF36-4E54-4756-931E-D1C668C16B90}.Release|Win32.ActiveCfg = Release|Win32
		{9F6BEF36-4E54-4756-931E-D1C668C16B90}.Release|Win32.Build.0 = Release|Win32
		{66599188-852F-4E3E-BF9B-28A733FEBE55}.Debug|Win32.ActiveCfg = Debug|Win32
		{66599188-852F-4E3E-BF9B-28A733FEBE55}.Debug|Win32.Build.0 = Debug|Win32
		{66599188-852F-4E3E-BF9B-28A733FEBE55}.Release|Win32.ActiveCfg = Release|Win32
		{66599188-852F-4E3E-BF9B-28A733FEBE55}.Release|Win32.Build.0 = Release|Win32
		{A1D0CCFA-95BC-4E3A-B50D-BE3245BABFF8}.Debug|Win32.ActiveCfg = Debug|Win32
		{A1D0CCFA-95BC-4E3A-B50D-BE3245BABFF8}.Debug|Win32.Build.0 = Debug|Win32
		{A1D0CCFA-95BC-4E3A-B50D-BE3245BABFF8}.Release|Win32.ActiveCfg = Release|Win32
		{A1D0CCFA-95BC-4E3A-B50D-BE3245BABFF8}.Release|Win32.Build.0 = Release|Win32
	EndGlobalSection
	GlobalSection(SolutionProperties) = preSolution
		HideSolutionNode = FALSE
	EndGlobalSection
EndGlobal
